// !$*UTF8*$!
{
	archiveVersion = 1;
	classes = {
	};
	objectVersion = 55;
	objects = {

/* Begin PBXBuildFile section */
		AFBAFA3178DE87C0CF0CDAA7 /* Pods_SpaceLaunchesSpaceX.framework in Frameworks */ = {isa = PBXBuildFile; fileRef = 620BC4C9732104A0C99D00D4 /* Pods_SpaceLaunchesSpaceX.framework */; };
		BB29AEC7286C69D000E67CDF /* CustomCollectionViewCell.swift in Sources */ = {isa = PBXBuildFile; fileRef = BB29AEC6286C69D000E67CDF /* CustomCollectionViewCell.swift */; };
		BB29AEC9286CA4E600E67CDF /* RocketInfoView.swift in Sources */ = {isa = PBXBuildFile; fileRef = BB29AEC8286CA4E600E67CDF /* RocketInfoView.swift */; };
		BB29AECB286CA77100E67CDF /* StageView.swift in Sources */ = {isa = PBXBuildFile; fileRef = BB29AECA286CA77100E67CDF /* StageView.swift */; };
		BB70614C28950E0400DABC42 /* NetworkingServiceProtocol.swift in Sources */ = {isa = PBXBuildFile; fileRef = BB70614B28950E0400DABC42 /* NetworkingServiceProtocol.swift */; };
		BB70615228950EAE00DABC42 /* NetworkingService.swift in Sources */ = {isa = PBXBuildFile; fileRef = BB70615128950EAE00DABC42 /* NetworkingService.swift */; };
		BB7061562895101A00DABC42 /* LaunchesPresenterProtocol.swift in Sources */ = {isa = PBXBuildFile; fileRef = BB7061552895101A00DABC42 /* LaunchesPresenterProtocol.swift */; };
		BB70615A2895107200DABC42 /* Launch.swift in Sources */ = {isa = PBXBuildFile; fileRef = BB7061592895107200DABC42 /* Launch.swift */; };
		BB70615C289510B200DABC42 /* Rocket.swift in Sources */ = {isa = PBXBuildFile; fileRef = BB70615B289510B200DABC42 /* Rocket.swift */; };
		BB706161289512AB00DABC42 /* LaunchesViewProtocol.swift in Sources */ = {isa = PBXBuildFile; fileRef = BB706160289512AB00DABC42 /* LaunchesViewProtocol.swift */; };
		BB706163289512E000DABC42 /* RocketsViewProtocol.swift in Sources */ = {isa = PBXBuildFile; fileRef = BB706162289512E000DABC42 /* RocketsViewProtocol.swift */; };
		BB7061652895136700DABC42 /* LaunchesPresenter.swift in Sources */ = {isa = PBXBuildFile; fileRef = BB7061642895136700DABC42 /* LaunchesPresenter.swift */; };
		BB79E00A27E489F700043380 /* AppDelegate.swift in Sources */ = {isa = PBXBuildFile; fileRef = BB79E00927E489F700043380 /* AppDelegate.swift */; };
		BB79E00E27E489F700043380 /* RocketsViewController.swift in Sources */ = {isa = PBXBuildFile; fileRef = BB79E00D27E489F700043380 /* RocketsViewController.swift */; };
		BB79E01327E489F800043380 /* Assets.xcassets in Resources */ = {isa = PBXBuildFile; fileRef = BB79E01227E489F800043380 /* Assets.xcassets */; };
		BB79E01627E489F800043380 /* LaunchScreen.storyboard in Resources */ = {isa = PBXBuildFile; fileRef = BB79E01427E489F800043380 /* LaunchScreen.storyboard */; };
		BB9E190E28955EFD00D2C3E3 /* RocketsPresenterProtocol.swift in Sources */ = {isa = PBXBuildFile; fileRef = BB9E190D28955EFC00D2C3E3 /* RocketsPresenterProtocol.swift */; };
		BB9E191028955FE000D2C3E3 /* RocketsPresenter.swift in Sources */ = {isa = PBXBuildFile; fileRef = BB9E190F28955FE000D2C3E3 /* RocketsPresenter.swift */; };
		BBB9A6D9289A614600218B89 /* SettingsViewProtocol.swift in Sources */ = {isa = PBXBuildFile; fileRef = BBB9A6D8289A614600218B89 /* SettingsViewProtocol.swift */; };
		BBB9A6DB289A61E100218B89 /* SettingsViewController.swift in Sources */ = {isa = PBXBuildFile; fileRef = BBB9A6DA289A61E100218B89 /* SettingsViewController.swift */; };
		BBB9A6DE289A658A00218B89 /* SettingsPresenterProtocol.swift in Sources */ = {isa = PBXBuildFile; fileRef = BBB9A6DD289A658A00218B89 /* SettingsPresenterProtocol.swift */; };
		BBB9A6E0289A65EB00218B89 /* SettingsPresenter.swift in Sources */ = {isa = PBXBuildFile; fileRef = BBB9A6DF289A65EB00218B89 /* SettingsPresenter.swift */; };
		BBB9A6E4289A667400218B89 /* ServiceLocator.swift in Sources */ = {isa = PBXBuildFile; fileRef = BBB9A6E3289A667400218B89 /* ServiceLocator.swift */; };
		BBB9A6E8289A669E00218B89 /* UserDefaultsServiceProtocol.swift in Sources */ = {isa = PBXBuildFile; fileRef = BBB9A6E7289A669E00218B89 /* UserDefaultsServiceProtocol.swift */; };
		BBB9A6EA289A66D000218B89 /* UserDefaultsService.swift in Sources */ = {isa = PBXBuildFile; fileRef = BBB9A6E9289A66D000218B89 /* UserDefaultsService.swift */; };
		BBB9A6EC289A672C00218B89 /* SettingsServiceProtocol.swift in Sources */ = {isa = PBXBuildFile; fileRef = BBB9A6EB289A672C00218B89 /* SettingsServiceProtocol.swift */; };
		BBB9A6EE289A675200218B89 /* SettingsServiceDelegate.swift in Sources */ = {isa = PBXBuildFile; fileRef = BBB9A6ED289A675200218B89 /* SettingsServiceDelegate.swift */; };
		BBB9A6F0289A679C00218B89 /* SettingsEnum.swift in Sources */ = {isa = PBXBuildFile; fileRef = BBB9A6EF289A679C00218B89 /* SettingsEnum.swift */; };
		BBB9A6F2289A683C00218B89 /* SettingsService.swift in Sources */ = {isa = PBXBuildFile; fileRef = BBB9A6F1289A683C00218B89 /* SettingsService.swift */; };
		BBB9A6F4289A7E8400218B89 /* SettingsTableViewCell.swift in Sources */ = {isa = PBXBuildFile; fileRef = BBB9A6F3289A7E8400218B89 /* SettingsTableViewCell.swift */; };
		BBB9A6F6289A80AF00218B89 /* SettingsViewController.xib in Resources */ = {isa = PBXBuildFile; fileRef = BBB9A6F5289A80AF00218B89 /* SettingsViewController.xib */; };
		BBB9A6FA289A81DC00218B89 /* DBLaunchCoreData.swift in Sources */ = {isa = PBXBuildFile; fileRef = BBB9A6F9289A81DC00218B89 /* DBLaunchCoreData.swift */; };
		BBB9A6FD289A845300218B89 /* SpaceXDataModel.xcdatamodeld in Sources */ = {isa = PBXBuildFile; fileRef = BBB9A6FB289A845300218B89 /* SpaceXDataModel.xcdatamodeld */; };
		BBB9A6FF289A859800218B89 /* CoreDataStack.swift in Sources */ = {isa = PBXBuildFile; fileRef = BBB9A6FE289A859800218B89 /* CoreDataStack.swift */; };
		BBB9A702289A860400218B89 /* DBDiameterCoreData.swift in Sources */ = {isa = PBXBuildFile; fileRef = BBB9A701289A860400218B89 /* DBDiameterCoreData.swift */; };
		BBB9A704289A864B00218B89 /* DBFirstStageCoreData.swift in Sources */ = {isa = PBXBuildFile; fileRef = BBB9A703289A864B00218B89 /* DBFirstStageCoreData.swift */; };
		BBB9A706289A866700218B89 /* DBHeightCoreData.swift in Sources */ = {isa = PBXBuildFile; fileRef = BBB9A705289A866700218B89 /* DBHeightCoreData.swift */; };
		BBB9A708289A868100218B89 /* DBMassCoreData.swift in Sources */ = {isa = PBXBuildFile; fileRef = BBB9A707289A868100218B89 /* DBMassCoreData.swift */; };
		BBB9A70A289A869D00218B89 /* DBPayloadCoreData.swift in Sources */ = {isa = PBXBuildFile; fileRef = BBB9A709289A869D00218B89 /* DBPayloadCoreData.swift */; };
		BBB9A70C289A86C000218B89 /* DBRocketCoreData.swift in Sources */ = {isa = PBXBuildFile; fileRef = BBB9A70B289A86C000218B89 /* DBRocketCoreData.swift */; };
		BBB9A70E289A86EA00218B89 /* DBSecondStageCoreData.swift in Sources */ = {isa = PBXBuildFile; fileRef = BBB9A70D289A86EA00218B89 /* DBSecondStageCoreData.swift */; };
		BBBA135328704C85000E4FC2 /* LaunchesViewController.swift in Sources */ = {isa = PBXBuildFile; fileRef = BBBA135228704C85000E4FC2 /* LaunchesViewController.swift */; };
		BBBA1356287056A7000E4FC2 /* LaunchesTableViewCell.swift in Sources */ = {isa = PBXBuildFile; fileRef = BBBA1355287056A7000E4FC2 /* LaunchesTableViewCell.swift */; };
/* End PBXBuildFile section */

/* Begin PBXFileReference section */
		09B66909AB9EA36443A0905E /* Pods-SpaceLaunchesSpaceX.release.xcconfig */ = {isa = PBXFileReference; includeInIndex = 1; lastKnownFileType = text.xcconfig; name = "Pods-SpaceLaunchesSpaceX.release.xcconfig"; path = "Target Support Files/Pods-SpaceLaunchesSpaceX/Pods-SpaceLaunchesSpaceX.release.xcconfig"; sourceTree = "<group>"; };
		3ABCA664A09BB84E6ED8E91E /* Pods-SpaceLaunchesSpaceX.debug.xcconfig */ = {isa = PBXFileReference; includeInIndex = 1; lastKnownFileType = text.xcconfig; name = "Pods-SpaceLaunchesSpaceX.debug.xcconfig"; path = "Target Support Files/Pods-SpaceLaunchesSpaceX/Pods-SpaceLaunchesSpaceX.debug.xcconfig"; sourceTree = "<group>"; };
		620BC4C9732104A0C99D00D4 /* Pods_SpaceLaunchesSpaceX.framework */ = {isa = PBXFileReference; explicitFileType = wrapper.framework; includeInIndex = 0; path = Pods_SpaceLaunchesSpaceX.framework; sourceTree = BUILT_PRODUCTS_DIR; };
		BB29AEC6286C69D000E67CDF /* CustomCollectionViewCell.swift */ = {isa = PBXFileReference; lastKnownFileType = sourcecode.swift; path = CustomCollectionViewCell.swift; sourceTree = "<group>"; };
		BB29AEC8286CA4E600E67CDF /* RocketInfoView.swift */ = {isa = PBXFileReference; lastKnownFileType = sourcecode.swift; path = RocketInfoView.swift; sourceTree = "<group>"; };
		BB29AECA286CA77100E67CDF /* StageView.swift */ = {isa = PBXFileReference; lastKnownFileType = sourcecode.swift; path = StageView.swift; sourceTree = "<group>"; };
		BB70614B28950E0400DABC42 /* NetworkingServiceProtocol.swift */ = {isa = PBXFileReference; lastKnownFileType = sourcecode.swift; path = NetworkingServiceProtocol.swift; sourceTree = "<group>"; };
		BB70615128950EAE00DABC42 /* NetworkingService.swift */ = {isa = PBXFileReference; lastKnownFileType = sourcecode.swift; path = NetworkingService.swift; sourceTree = "<group>"; };
		BB7061552895101A00DABC42 /* LaunchesPresenterProtocol.swift */ = {isa = PBXFileReference; lastKnownFileType = sourcecode.swift; path = LaunchesPresenterProtocol.swift; sourceTree = "<group>"; };
		BB7061592895107200DABC42 /* Launch.swift */ = {isa = PBXFileReference; lastKnownFileType = sourcecode.swift; path = Launch.swift; sourceTree = "<group>"; };
		BB70615B289510B200DABC42 /* Rocket.swift */ = {isa = PBXFileReference; lastKnownFileType = sourcecode.swift; path = Rocket.swift; sourceTree = "<group>"; };
		BB706160289512AB00DABC42 /* LaunchesViewProtocol.swift */ = {isa = PBXFileReference; lastKnownFileType = sourcecode.swift; path = LaunchesViewProtocol.swift; sourceTree = "<group>"; };
		BB706162289512E000DABC42 /* RocketsViewProtocol.swift */ = {isa = PBXFileReference; lastKnownFileType = sourcecode.swift; path = RocketsViewProtocol.swift; sourceTree = "<group>"; };
		BB7061642895136700DABC42 /* LaunchesPresenter.swift */ = {isa = PBXFileReference; lastKnownFileType = sourcecode.swift; path = LaunchesPresenter.swift; sourceTree = "<group>"; };
		BB79E00627E489F700043380 /* SpaceLaunchesSpaceX.app */ = {isa = PBXFileReference; explicitFileType = wrapper.application; includeInIndex = 0; path = SpaceLaunchesSpaceX.app; sourceTree = BUILT_PRODUCTS_DIR; };
		BB79E00927E489F700043380 /* AppDelegate.swift */ = {isa = PBXFileReference; lastKnownFileType = sourcecode.swift; path = AppDelegate.swift; sourceTree = "<group>"; };
		BB79E00D27E489F700043380 /* RocketsViewController.swift */ = {isa = PBXFileReference; lastKnownFileType = sourcecode.swift; path = RocketsViewController.swift; sourceTree = "<group>"; };
		BB79E01227E489F800043380 /* Assets.xcassets */ = {isa = PBXFileReference; lastKnownFileType = folder.assetcatalog; path = Assets.xcassets; sourceTree = "<group>"; };
		BB79E01527E489F800043380 /* Base */ = {isa = PBXFileReference; lastKnownFileType = file.storyboard; name = Base; path = Base.lproj/LaunchScreen.storyboard; sourceTree = "<group>"; };
		BB79E01727E489F800043380 /* Info.plist */ = {isa = PBXFileReference; lastKnownFileType = text.plist.xml; path = Info.plist; sourceTree = "<group>"; };
		BB9E190D28955EFC00D2C3E3 /* RocketsPresenterProtocol.swift */ = {isa = PBXFileReference; lastKnownFileType = sourcecode.swift; path = RocketsPresenterProtocol.swift; sourceTree = "<group>"; };
		BB9E190F28955FE000D2C3E3 /* RocketsPresenter.swift */ = {isa = PBXFileReference; lastKnownFileType = sourcecode.swift; path = RocketsPresenter.swift; sourceTree = "<group>"; };
		BBB9A6D8289A614600218B89 /* SettingsViewProtocol.swift */ = {isa = PBXFileReference; lastKnownFileType = sourcecode.swift; path = SettingsViewProtocol.swift; sourceTree = "<group>"; };
		BBB9A6DA289A61E100218B89 /* SettingsViewController.swift */ = {isa = PBXFileReference; lastKnownFileType = sourcecode.swift; path = SettingsViewController.swift; sourceTree = "<group>"; };
		BBB9A6DD289A658A00218B89 /* SettingsPresenterProtocol.swift */ = {isa = PBXFileReference; lastKnownFileType = sourcecode.swift; path = SettingsPresenterProtocol.swift; sourceTree = "<group>"; };
		BBB9A6DF289A65EB00218B89 /* SettingsPresenter.swift */ = {isa = PBXFileReference; lastKnownFileType = sourcecode.swift; path = SettingsPresenter.swift; sourceTree = "<group>"; };
		BBB9A6E3289A667400218B89 /* ServiceLocator.swift */ = {isa = PBXFileReference; lastKnownFileType = sourcecode.swift; path = ServiceLocator.swift; sourceTree = "<group>"; };
		BBB9A6E7289A669E00218B89 /* UserDefaultsServiceProtocol.swift */ = {isa = PBXFileReference; lastKnownFileType = sourcecode.swift; path = UserDefaultsServiceProtocol.swift; sourceTree = "<group>"; };
		BBB9A6E9289A66D000218B89 /* UserDefaultsService.swift */ = {isa = PBXFileReference; lastKnownFileType = sourcecode.swift; path = UserDefaultsService.swift; sourceTree = "<group>"; };
		BBB9A6EB289A672C00218B89 /* SettingsServiceProtocol.swift */ = {isa = PBXFileReference; lastKnownFileType = sourcecode.swift; path = SettingsServiceProtocol.swift; sourceTree = "<group>"; };
		BBB9A6ED289A675200218B89 /* SettingsServiceDelegate.swift */ = {isa = PBXFileReference; lastKnownFileType = sourcecode.swift; path = SettingsServiceDelegate.swift; sourceTree = "<group>"; };
		BBB9A6EF289A679C00218B89 /* SettingsEnum.swift */ = {isa = PBXFileReference; lastKnownFileType = sourcecode.swift; path = SettingsEnum.swift; sourceTree = "<group>"; };
		BBB9A6F1289A683C00218B89 /* SettingsService.swift */ = {isa = PBXFileReference; lastKnownFileType = sourcecode.swift; path = SettingsService.swift; sourceTree = "<group>"; };
		BBB9A6F3289A7E8400218B89 /* SettingsTableViewCell.swift */ = {isa = PBXFileReference; lastKnownFileType = sourcecode.swift; path = SettingsTableViewCell.swift; sourceTree = "<group>"; };
		BBB9A6F5289A80AF00218B89 /* SettingsViewController.xib */ = {isa = PBXFileReference; fileEncoding = 4; lastKnownFileType = file.xib; path = SettingsViewController.xib; sourceTree = "<group>"; };
		BBB9A6F9289A81DC00218B89 /* DBLaunchCoreData.swift */ = {isa = PBXFileReference; lastKnownFileType = sourcecode.swift; path = DBLaunchCoreData.swift; sourceTree = "<group>"; };
		BBB9A6FC289A845300218B89 /* SpaceXDataModel.xcdatamodel */ = {isa = PBXFileReference; lastKnownFileType = wrapper.xcdatamodel; path = SpaceXDataModel.xcdatamodel; sourceTree = "<group>"; };
		BBB9A6FE289A859800218B89 /* CoreDataStack.swift */ = {isa = PBXFileReference; lastKnownFileType = sourcecode.swift; path = CoreDataStack.swift; sourceTree = "<group>"; };
		BBB9A701289A860400218B89 /* DBDiameterCoreData.swift */ = {isa = PBXFileReference; lastKnownFileType = sourcecode.swift; path = DBDiameterCoreData.swift; sourceTree = "<group>"; };
		BBB9A703289A864B00218B89 /* DBFirstStageCoreData.swift */ = {isa = PBXFileReference; lastKnownFileType = sourcecode.swift; path = DBFirstStageCoreData.swift; sourceTree = "<group>"; };
		BBB9A705289A866700218B89 /* DBHeightCoreData.swift */ = {isa = PBXFileReference; lastKnownFileType = sourcecode.swift; path = DBHeightCoreData.swift; sourceTree = "<group>"; };
		BBB9A707289A868100218B89 /* DBMassCoreData.swift */ = {isa = PBXFileReference; lastKnownFileType = sourcecode.swift; path = DBMassCoreData.swift; sourceTree = "<group>"; };
		BBB9A709289A869D00218B89 /* DBPayloadCoreData.swift */ = {isa = PBXFileReference; lastKnownFileType = sourcecode.swift; path = DBPayloadCoreData.swift; sourceTree = "<group>"; };
		BBB9A70B289A86C000218B89 /* DBRocketCoreData.swift */ = {isa = PBXFileReference; lastKnownFileType = sourcecode.swift; path = DBRocketCoreData.swift; sourceTree = "<group>"; };
		BBB9A70D289A86EA00218B89 /* DBSecondStageCoreData.swift */ = {isa = PBXFileReference; lastKnownFileType = sourcecode.swift; path = DBSecondStageCoreData.swift; sourceTree = "<group>"; };
		BBBA135228704C85000E4FC2 /* LaunchesViewController.swift */ = {isa = PBXFileReference; lastKnownFileType = sourcecode.swift; path = LaunchesViewController.swift; sourceTree = "<group>"; };
		BBBA1355287056A7000E4FC2 /* LaunchesTableViewCell.swift */ = {isa = PBXFileReference; lastKnownFileType = sourcecode.swift; path = LaunchesTableViewCell.swift; sourceTree = "<group>"; };
/* End PBXFileReference section */

/* Begin PBXFrameworksBuildPhase section */
		BB79E00327E489F700043380 /* Frameworks */ = {
			isa = PBXFrameworksBuildPhase;
			buildActionMask = 2147483647;
			files = (
				AFBAFA3178DE87C0CF0CDAA7 /* Pods_SpaceLaunchesSpaceX.framework in Frameworks */,
			);
			runOnlyForDeploymentPostprocessing = 0;
		};
/* End PBXFrameworksBuildPhase section */

/* Begin PBXGroup section */
		379057CAB13AD2C36978FF97 /* Pods */ = {
			isa = PBXGroup;
			children = (
				3ABCA664A09BB84E6ED8E91E /* Pods-SpaceLaunchesSpaceX.debug.xcconfig */,
				09B66909AB9EA36443A0905E /* Pods-SpaceLaunchesSpaceX.release.xcconfig */,
			);
			path = Pods;
			sourceTree = "<group>";
		};
		BB70615328950FEB00DABC42 /* Presentation */ = {
			isa = PBXGroup;
			children = (
				BB70615428950FFE00DABC42 /* LaunchesPresenter */,
				BB7061572895104000DABC42 /* RocketsPresenter */,
				BBB9A6DC289A655000218B89 /* SettingsPresenter */,
			);
			path = Presentation;
			sourceTree = "<group>";
		};
		BB70615428950FFE00DABC42 /* LaunchesPresenter */ = {
			isa = PBXGroup;
			children = (
				BB7061552895101A00DABC42 /* LaunchesPresenterProtocol.swift */,
				BB7061642895136700DABC42 /* LaunchesPresenter.swift */,
			);
			path = LaunchesPresenter;
			sourceTree = "<group>";
		};
		BB7061572895104000DABC42 /* RocketsPresenter */ = {
			isa = PBXGroup;
			children = (
				BB9E190D28955EFC00D2C3E3 /* RocketsPresenterProtocol.swift */,
				BB9E190F28955FE000D2C3E3 /* RocketsPresenter.swift */,
			);
			path = RocketsPresenter;
			sourceTree = "<group>";
		};
		BB7061582895105F00DABC42 /* Structs */ = {
			isa = PBXGroup;
			children = (
				BB7061592895107200DABC42 /* Launch.swift */,
				BB70615B289510B200DABC42 /* Rocket.swift */,
			);
			path = Structs;
			sourceTree = "<group>";
		};
		BB70615D2895125600DABC42 /* View */ = {
			isa = PBXGroup;
			children = (
				BB70615E2895125F00DABC42 /* LaunchesView */,
				BB70615F2895126A00DABC42 /* RocketsView */,
				BBB9A6D7289A613000218B89 /* SettingsView */,
			);
			path = View;
			sourceTree = "<group>";
		};
		BB70615E2895125F00DABC42 /* LaunchesView */ = {
			isa = PBXGroup;
			children = (
				BBBA135228704C85000E4FC2 /* LaunchesViewController.swift */,
				BB706160289512AB00DABC42 /* LaunchesViewProtocol.swift */,
			);
			path = LaunchesView;
			sourceTree = "<group>";
		};
		BB70615F2895126A00DABC42 /* RocketsView */ = {
			isa = PBXGroup;
			children = (
				BB706162289512E000DABC42 /* RocketsViewProtocol.swift */,
				BB79E00D27E489F700043380 /* RocketsViewController.swift */,
			);
			path = RocketsView;
			sourceTree = "<group>";
		};
		BB79DFFD27E489F700043380 = {
			isa = PBXGroup;
			children = (
				BB79E00827E489F700043380 /* SpaceLaunchesSpaceX */,
				BB79E00727E489F700043380 /* Products */,
				379057CAB13AD2C36978FF97 /* Pods */,
				BD1B17CFB0CBB095EE5881CB /* Frameworks */,
			);
			sourceTree = "<group>";
		};
		BB79E00727E489F700043380 /* Products */ = {
			isa = PBXGroup;
			children = (
				BB79E00627E489F700043380 /* SpaceLaunchesSpaceX.app */,
			);
			name = Products;
			sourceTree = "<group>";
		};
		BB79E00827E489F700043380 /* SpaceLaunchesSpaceX */ = {
			isa = PBXGroup;
			children = (
				BB79E00927E489F700043380 /* AppDelegate.swift */,
				BB79E01227E489F800043380 /* Assets.xcassets */,
				BBB9A6F7289A81A000218B89 /* CoreDataObjects */,
				BBBA134F28702A60000E4FC2 /* CustomUI */,
				BB79E01727E489F800043380 /* Info.plist */,
				BB79E01427E489F800043380 /* LaunchScreen.storyboard */,
				BB70615328950FEB00DABC42 /* Presentation */,
				BBB9A6E1289A664300218B89 /* ServicesLayer */,
				BB7061582895105F00DABC42 /* Structs */,
				BB70615D2895125600DABC42 /* View */,
			);
			path = SpaceLaunchesSpaceX;
			sourceTree = "<group>";
		};
		BBB9A6D7289A613000218B89 /* SettingsView */ = {
			isa = PBXGroup;
			children = (
				BBB9A6D8289A614600218B89 /* SettingsViewProtocol.swift */,
				BBB9A6DA289A61E100218B89 /* SettingsViewController.swift */,
				BBB9A6F5289A80AF00218B89 /* SettingsViewController.xib */,
			);
			path = SettingsView;
			sourceTree = "<group>";
		};
		BBB9A6DC289A655000218B89 /* SettingsPresenter */ = {
			isa = PBXGroup;
			children = (
				BBB9A6DD289A658A00218B89 /* SettingsPresenterProtocol.swift */,
				BBB9A6DF289A65EB00218B89 /* SettingsPresenter.swift */,
			);
			path = SettingsPresenter;
			sourceTree = "<group>";
		};
		BBB9A6E1289A664300218B89 /* ServicesLayer */ = {
			isa = PBXGroup;
			children = (
				BBB9A6FB289A845300218B89 /* SpaceXDataModel.xcdatamodeld */,
				BBB9A6E6289A668500218B89 /* UserDefaultsService */,
				BBB9A6E5289A667C00218B89 /* SettingsService */,
				BBB9A6E2289A665300218B89 /* NetworkService */,
				BBB9A6E3289A667400218B89 /* ServiceLocator.swift */,
				BBB9A6FE289A859800218B89 /* CoreDataStack.swift */,
			);
			path = ServicesLayer;
			sourceTree = "<group>";
		};
		BBB9A6E2289A665300218B89 /* NetworkService */ = {
			isa = PBXGroup;
			children = (
				BB70614B28950E0400DABC42 /* NetworkingServiceProtocol.swift */,
				BB70615128950EAE00DABC42 /* NetworkingService.swift */,
			);
			path = NetworkService;
			sourceTree = "<group>";
		};
		BBB9A6E5289A667C00218B89 /* SettingsService */ = {
			isa = PBXGroup;
			children = (
				BBB9A6ED289A675200218B89 /* SettingsServiceDelegate.swift */,
				BBB9A6EF289A679C00218B89 /* SettingsEnum.swift */,
				BBB9A6EB289A672C00218B89 /* SettingsServiceProtocol.swift */,
				BBB9A6F1289A683C00218B89 /* SettingsService.swift */,
			);
			path = SettingsService;
			sourceTree = "<group>";
		};
		BBB9A6E6289A668500218B89 /* UserDefaultsService */ = {
			isa = PBXGroup;
			children = (
				BBB9A6E7289A669E00218B89 /* UserDefaultsServiceProtocol.swift */,
				BBB9A6E9289A66D000218B89 /* UserDefaultsService.swift */,
			);
			path = UserDefaultsService;
			sourceTree = "<group>";
		};
		BBB9A6F7289A81A000218B89 /* CoreDataObjects */ = {
			isa = PBXGroup;
			children = (
				BBB9A700289A85E800218B89 /* DBRocket */,
				BBB9A6F8289A81BA00218B89 /* DBLaunch */,
			);
			path = CoreDataObjects;
			sourceTree = "<group>";
		};
		BBB9A6F8289A81BA00218B89 /* DBLaunch */ = {
			isa = PBXGroup;
			children = (
				BBB9A6F9289A81DC00218B89 /* DBLaunchCoreData.swift */,
			);
			path = DBLaunch;
			sourceTree = "<group>";
		};
		BBB9A700289A85E800218B89 /* DBRocket */ = {
			isa = PBXGroup;
			children = (
				BBB9A701289A860400218B89 /* DBDiameterCoreData.swift */,
				BBB9A703289A864B00218B89 /* DBFirstStageCoreData.swift */,
				BBB9A705289A866700218B89 /* DBHeightCoreData.swift */,
				BBB9A707289A868100218B89 /* DBMassCoreData.swift */,
				BBB9A709289A869D00218B89 /* DBPayloadCoreData.swift */,
				BBB9A70B289A86C000218B89 /* DBRocketCoreData.swift */,
				BBB9A70D289A86EA00218B89 /* DBSecondStageCoreData.swift */,
			);
			path = DBRocket;
			sourceTree = "<group>";
		};
		BBBA134F28702A60000E4FC2 /* CustomUI */ = {
			isa = PBXGroup;
			children = (
				BBBA135428705690000E4FC2 /* TableViewCell */,
				BBBA135028702A7C000E4FC2 /* CollectionCell */,
				BB29AEC8286CA4E600E67CDF /* RocketInfoView.swift */,
				BB29AECA286CA77100E67CDF /* StageView.swift */,
			);
			path = CustomUI;
			sourceTree = "<group>";
		};
		BBBA135028702A7C000E4FC2 /* CollectionCell */ = {
			isa = PBXGroup;
			children = (
				BB29AEC6286C69D000E67CDF /* CustomCollectionViewCell.swift */,
			);
			path = CollectionCell;
			sourceTree = "<group>";
		};
		BBBA135428705690000E4FC2 /* TableViewCell */ = {
			isa = PBXGroup;
			children = (
				BBBA1355287056A7000E4FC2 /* LaunchesTableViewCell.swift */,
				BBB9A6F3289A7E8400218B89 /* SettingsTableViewCell.swift */,
			);
			path = TableViewCell;
			sourceTree = "<group>";
		};
		BD1B17CFB0CBB095EE5881CB /* Frameworks */ = {
			isa = PBXGroup;
			children = (
				620BC4C9732104A0C99D00D4 /* Pods_SpaceLaunchesSpaceX.framework */,
			);
			name = Frameworks;
			sourceTree = "<group>";
		};
/* End PBXGroup section */

/* Begin PBXNativeTarget section */
		BB79E00527E489F700043380 /* SpaceLaunchesSpaceX */ = {
			isa = PBXNativeTarget;
			buildConfigurationList = BB79E01A27E489F800043380 /* Build configuration list for PBXNativeTarget "SpaceLaunchesSpaceX" */;
			buildPhases = (
				FF1982B6A06306F3E1557B02 /* [CP] Check Pods Manifest.lock */,
				BB79E00227E489F700043380 /* Sources */,
				BB79E00327E489F700043380 /* Frameworks */,
				BB79E00427E489F700043380 /* Resources */,
				42CD85D3757F786D09D92E93 /* [CP] Embed Pods Frameworks */,
			);
			buildRules = (
			);
			dependencies = (
			);
			name = SpaceLaunchesSpaceX;
			productName = SpaceLaunchesSpaceX;
			productReference = BB79E00627E489F700043380 /* SpaceLaunchesSpaceX.app */;
			productType = "com.apple.product-type.application";
		};
/* End PBXNativeTarget section */

/* Begin PBXProject section */
		BB79DFFE27E489F700043380 /* Project object */ = {
			isa = PBXProject;
			attributes = {
				BuildIndependentTargetsInParallel = 1;
				LastSwiftUpdateCheck = 1330;
				LastUpgradeCheck = 1330;
				TargetAttributes = {
					BB79E00527E489F700043380 = {
						CreatedOnToolsVersion = 13.3;
					};
				};
			};
			buildConfigurationList = BB79E00127E489F700043380 /* Build configuration list for PBXProject "SpaceLaunchesSpaceX" */;
			compatibilityVersion = "Xcode 13.0";
			developmentRegion = en;
			hasScannedForEncodings = 0;
			knownRegions = (
				en,
				Base,
			);
			mainGroup = BB79DFFD27E489F700043380;
			productRefGroup = BB79E00727E489F700043380 /* Products */;
			projectDirPath = "";
			projectRoot = "";
			targets = (
				BB79E00527E489F700043380 /* SpaceLaunchesSpaceX */,
			);
		};
/* End PBXProject section */

/* Begin PBXResourcesBuildPhase section */
		BB79E00427E489F700043380 /* Resources */ = {
			isa = PBXResourcesBuildPhase;
			buildActionMask = 2147483647;
			files = (
				BB79E01627E489F800043380 /* LaunchScreen.storyboard in Resources */,
				BBB9A6F6289A80AF00218B89 /* SettingsViewController.xib in Resources */,
				BB79E01327E489F800043380 /* Assets.xcassets in Resources */,
			);
			runOnlyForDeploymentPostprocessing = 0;
		};
/* End PBXResourcesBuildPhase section */

/* Begin PBXShellScriptBuildPhase section */
		42CD85D3757F786D09D92E93 /* [CP] Embed Pods Frameworks */ = {
			isa = PBXShellScriptBuildPhase;
			buildActionMask = 2147483647;
			files = (
			);
			inputFileListPaths = (
				"${PODS_ROOT}/Target Support Files/Pods-SpaceLaunchesSpaceX/Pods-SpaceLaunchesSpaceX-frameworks-${CONFIGURATION}-input-files.xcfilelist",
			);
			name = "[CP] Embed Pods Frameworks";
			outputFileListPaths = (
				"${PODS_ROOT}/Target Support Files/Pods-SpaceLaunchesSpaceX/Pods-SpaceLaunchesSpaceX-frameworks-${CONFIGURATION}-output-files.xcfilelist",
			);
			runOnlyForDeploymentPostprocessing = 0;
			shellPath = /bin/sh;
			shellScript = "\"${PODS_ROOT}/Target Support Files/Pods-SpaceLaunchesSpaceX/Pods-SpaceLaunchesSpaceX-frameworks.sh\"\n";
			showEnvVarsInLog = 0;
		};
		FF1982B6A06306F3E1557B02 /* [CP] Check Pods Manifest.lock */ = {
			isa = PBXShellScriptBuildPhase;
			buildActionMask = 2147483647;
			files = (
			);
			inputFileListPaths = (
			);
			inputPaths = (
				"${PODS_PODFILE_DIR_PATH}/Podfile.lock",
				"${PODS_ROOT}/Manifest.lock",
			);
			name = "[CP] Check Pods Manifest.lock";
			outputFileListPaths = (
			);
			outputPaths = (
				"$(DERIVED_FILE_DIR)/Pods-SpaceLaunchesSpaceX-checkManifestLockResult.txt",
			);
			runOnlyForDeploymentPostprocessing = 0;
			shellPath = /bin/sh;
			shellScript = "diff \"${PODS_PODFILE_DIR_PATH}/Podfile.lock\" \"${PODS_ROOT}/Manifest.lock\" > /dev/null\nif [ $? != 0 ] ; then\n    # print error to STDERR\n    echo \"error: The sandbox is not in sync with the Podfile.lock. Run 'pod install' or update your CocoaPods installation.\" >&2\n    exit 1\nfi\n# This output is used by Xcode 'outputs' to avoid re-running this script phase.\necho \"SUCCESS\" > \"${SCRIPT_OUTPUT_FILE_0}\"\n";
			showEnvVarsInLog = 0;
		};
/* End PBXShellScriptBuildPhase section */

/* Begin PBXSourcesBuildPhase section */
		BB79E00227E489F700043380 /* Sources */ = {
			isa = PBXSourcesBuildPhase;
			buildActionMask = 2147483647;
			files = (
				BBB9A708289A868100218B89 /* DBMassCoreData.swift in Sources */,
				BB79E00E27E489F700043380 /* RocketsViewController.swift in Sources */,
				BB706161289512AB00DABC42 /* LaunchesViewProtocol.swift in Sources */,
				BB7061562895101A00DABC42 /* LaunchesPresenterProtocol.swift in Sources */,
				BBB9A6F0289A679C00218B89 /* SettingsEnum.swift in Sources */,
				BBB9A6D9289A614600218B89 /* SettingsViewProtocol.swift in Sources */,
				BBB9A70E289A86EA00218B89 /* DBSecondStageCoreData.swift in Sources */,
				BB29AECB286CA77100E67CDF /* StageView.swift in Sources */,
				BBB9A6DB289A61E100218B89 /* SettingsViewController.swift in Sources */,
				BBB9A6FF289A859800218B89 /* CoreDataStack.swift in Sources */,
				BB70615C289510B200DABC42 /* Rocket.swift in Sources */,
				BB9E191028955FE000D2C3E3 /* RocketsPresenter.swift in Sources */,
				BB7061652895136700DABC42 /* LaunchesPresenter.swift in Sources */,
				BB70615A2895107200DABC42 /* Launch.swift in Sources */,
				BBBA135328704C85000E4FC2 /* LaunchesViewController.swift in Sources */,
				BB70615228950EAE00DABC42 /* NetworkingService.swift in Sources */,
				BBB9A702289A860400218B89 /* DBDiameterCoreData.swift in Sources */,
				BBB9A706289A866700218B89 /* DBHeightCoreData.swift in Sources */,
				BBB9A6FA289A81DC00218B89 /* DBLaunchCoreData.swift in Sources */,
				BBB9A6EA289A66D000218B89 /* UserDefaultsService.swift in Sources */,
				BBB9A6EC289A672C00218B89 /* SettingsServiceProtocol.swift in Sources */,
				BBB9A6F4289A7E8400218B89 /* SettingsTableViewCell.swift in Sources */,
				BB79E00A27E489F700043380 /* AppDelegate.swift in Sources */,
				BBB9A704289A864B00218B89 /* DBFirstStageCoreData.swift in Sources */,
				BBB9A6DE289A658A00218B89 /* SettingsPresenterProtocol.swift in Sources */,
				BBB9A6E8289A669E00218B89 /* UserDefaultsServiceProtocol.swift in Sources */,
				BBB9A6E4289A667400218B89 /* ServiceLocator.swift in Sources */,
				BBBA1356287056A7000E4FC2 /* LaunchesTableViewCell.swift in Sources */,
				BB70614C28950E0400DABC42 /* NetworkingServiceProtocol.swift in Sources */,
				BBB9A70A289A869D00218B89 /* DBPayloadCoreData.swift in Sources */,
				BB29AEC9286CA4E600E67CDF /* RocketInfoView.swift in Sources */,
				BB706163289512E000DABC42 /* RocketsViewProtocol.swift in Sources */,
				BB9E190E28955EFD00D2C3E3 /* RocketsPresenterProtocol.swift in Sources */,
				BBB9A6EE289A675200218B89 /* SettingsServiceDelegate.swift in Sources */,
				BB29AEC7286C69D000E67CDF /* CustomCollectionViewCell.swift in Sources */,
				BBB9A70C289A86C000218B89 /* DBRocketCoreData.swift in Sources */,
				BBB9A6F2289A683C00218B89 /* SettingsService.swift in Sources */,
				BBB9A6E0289A65EB00218B89 /* SettingsPresenter.swift in Sources */,
				BBB9A6FD289A845300218B89 /* SpaceXDataModel.xcdatamodeld in Sources */,
			);
			runOnlyForDeploymentPostprocessing = 0;
		};
/* End PBXSourcesBuildPhase section */

/* Begin PBXVariantGroup section */
		BB79E01427E489F800043380 /* LaunchScreen.storyboard */ = {
			isa = PBXVariantGroup;
			children = (
				BB79E01527E489F800043380 /* Base */,
			);
			name = LaunchScreen.storyboard;
			sourceTree = "<group>";
		};
/* End PBXVariantGroup section */

/* Begin XCBuildConfiguration section */
		BB79E01827E489F800043380 /* Debug */ = {
			isa = XCBuildConfiguration;
			buildSettings = {
				ALWAYS_SEARCH_USER_PATHS = NO;
				CLANG_ANALYZER_NONNULL = YES;
				CLANG_ANALYZER_NUMBER_OBJECT_CONVERSION = YES_AGGRESSIVE;
				CLANG_CXX_LANGUAGE_STANDARD = "gnu++17";
				CLANG_ENABLE_MODULES = YES;
				CLANG_ENABLE_OBJC_ARC = YES;
				CLANG_ENABLE_OBJC_WEAK = YES;
				CLANG_WARN_BLOCK_CAPTURE_AUTORELEASING = YES;
				CLANG_WARN_BOOL_CONVERSION = YES;
				CLANG_WARN_COMMA = YES;
				CLANG_WARN_CONSTANT_CONVERSION = YES;
				CLANG_WARN_DEPRECATED_OBJC_IMPLEMENTATIONS = YES;
				CLANG_WARN_DIRECT_OBJC_ISA_USAGE = YES_ERROR;
				CLANG_WARN_DOCUMENTATION_COMMENTS = YES;
				CLANG_WARN_EMPTY_BODY = YES;
				CLANG_WARN_ENUM_CONVERSION = YES;
				CLANG_WARN_INFINITE_RECURSION = YES;
				CLANG_WARN_INT_CONVERSION = YES;
				CLANG_WARN_NON_LITERAL_NULL_CONVERSION = YES;
				CLANG_WARN_OBJC_IMPLICIT_RETAIN_SELF = YES;
				CLANG_WARN_OBJC_LITERAL_CONVERSION = YES;
				CLANG_WARN_OBJC_ROOT_CLASS = YES_ERROR;
				CLANG_WARN_QUOTED_INCLUDE_IN_FRAMEWORK_HEADER = YES;
				CLANG_WARN_RANGE_LOOP_ANALYSIS = YES;
				CLANG_WARN_STRICT_PROTOTYPES = YES;
				CLANG_WARN_SUSPICIOUS_MOVE = YES;
				CLANG_WARN_UNGUARDED_AVAILABILITY = YES_AGGRESSIVE;
				CLANG_WARN_UNREACHABLE_CODE = YES;
				CLANG_WARN__DUPLICATE_METHOD_MATCH = YES;
				COPY_PHASE_STRIP = NO;
				DEBUG_INFORMATION_FORMAT = dwarf;
				ENABLE_STRICT_OBJC_MSGSEND = YES;
				ENABLE_TESTABILITY = YES;
				GCC_C_LANGUAGE_STANDARD = gnu11;
				GCC_DYNAMIC_NO_PIC = NO;
				GCC_NO_COMMON_BLOCKS = YES;
				GCC_OPTIMIZATION_LEVEL = 0;
				GCC_PREPROCESSOR_DEFINITIONS = (
					"DEBUG=1",
					"$(inherited)",
				);
				GCC_WARN_64_TO_32_BIT_CONVERSION = YES;
				GCC_WARN_ABOUT_RETURN_TYPE = YES_ERROR;
				GCC_WARN_UNDECLARED_SELECTOR = YES;
				GCC_WARN_UNINITIALIZED_AUTOS = YES_AGGRESSIVE;
				GCC_WARN_UNUSED_FUNCTION = YES;
				GCC_WARN_UNUSED_VARIABLE = YES;
				IPHONEOS_DEPLOYMENT_TARGET = 15.4;
				MTL_ENABLE_DEBUG_INFO = INCLUDE_SOURCE;
				MTL_FAST_MATH = YES;
				ONLY_ACTIVE_ARCH = YES;
				SDKROOT = iphoneos;
				SWIFT_ACTIVE_COMPILATION_CONDITIONS = DEBUG;
				SWIFT_OPTIMIZATION_LEVEL = "-Onone";
			};
			name = Debug;
		};
		BB79E01927E489F800043380 /* Release */ = {
			isa = XCBuildConfiguration;
			buildSettings = {
				ALWAYS_SEARCH_USER_PATHS = NO;
				CLANG_ANALYZER_NONNULL = YES;
				CLANG_ANALYZER_NUMBER_OBJECT_CONVERSION = YES_AGGRESSIVE;
				CLANG_CXX_LANGUAGE_STANDARD = "gnu++17";
				CLANG_ENABLE_MODULES = YES;
				CLANG_ENABLE_OBJC_ARC = YES;
				CLANG_ENABLE_OBJC_WEAK = YES;
				CLANG_WARN_BLOCK_CAPTURE_AUTORELEASING = YES;
				CLANG_WARN_BOOL_CONVERSION = YES;
				CLANG_WARN_COMMA = YES;
				CLANG_WARN_CONSTANT_CONVERSION = YES;
				CLANG_WARN_DEPRECATED_OBJC_IMPLEMENTATIONS = YES;
				CLANG_WARN_DIRECT_OBJC_ISA_USAGE = YES_ERROR;
				CLANG_WARN_DOCUMENTATION_COMMENTS = YES;
				CLANG_WARN_EMPTY_BODY = YES;
				CLANG_WARN_ENUM_CONVERSION = YES;
				CLANG_WARN_INFINITE_RECURSION = YES;
				CLANG_WARN_INT_CONVERSION = YES;
				CLANG_WARN_NON_LITERAL_NULL_CONVERSION = YES;
				CLANG_WARN_OBJC_IMPLICIT_RETAIN_SELF = YES;
				CLANG_WARN_OBJC_LITERAL_CONVERSION = YES;
				CLANG_WARN_OBJC_ROOT_CLASS = YES_ERROR;
				CLANG_WARN_QUOTED_INCLUDE_IN_FRAMEWORK_HEADER = YES;
				CLANG_WARN_RANGE_LOOP_ANALYSIS = YES;
				CLANG_WARN_STRICT_PROTOTYPES = YES;
				CLANG_WARN_SUSPICIOUS_MOVE = YES;
				CLANG_WARN_UNGUARDED_AVAILABILITY = YES_AGGRESSIVE;
				CLANG_WARN_UNREACHABLE_CODE = YES;
				CLANG_WARN__DUPLICATE_METHOD_MATCH = YES;
				COPY_PHASE_STRIP = NO;
				DEBUG_INFORMATION_FORMAT = "dwarf-with-dsym";
				ENABLE_NS_ASSERTIONS = NO;
				ENABLE_STRICT_OBJC_MSGSEND = YES;
				GCC_C_LANGUAGE_STANDARD = gnu11;
				GCC_NO_COMMON_BLOCKS = YES;
				GCC_WARN_64_TO_32_BIT_CONVERSION = YES;
				GCC_WARN_ABOUT_RETURN_TYPE = YES_ERROR;
				GCC_WARN_UNDECLARED_SELECTOR = YES;
				GCC_WARN_UNINITIALIZED_AUTOS = YES_AGGRESSIVE;
				GCC_WARN_UNUSED_FUNCTION = YES;
				GCC_WARN_UNUSED_VARIABLE = YES;
				IPHONEOS_DEPLOYMENT_TARGET = 15.4;
				MTL_ENABLE_DEBUG_INFO = NO;
				MTL_FAST_MATH = YES;
				SDKROOT = iphoneos;
				SWIFT_COMPILATION_MODE = wholemodule;
				SWIFT_OPTIMIZATION_LEVEL = "-O";
				VALIDATE_PRODUCT = YES;
			};
			name = Release;
		};
		BB79E01B27E489F800043380 /* Debug */ = {
			isa = XCBuildConfiguration;
			baseConfigurationReference = 3ABCA664A09BB84E6ED8E91E /* Pods-SpaceLaunchesSpaceX.debug.xcconfig */;
			buildSettings = {
				ASSETCATALOG_COMPILER_APPICON_NAME = AppIcon;
				ASSETCATALOG_COMPILER_GLOBAL_ACCENT_COLOR_NAME = AccentColor;
				CODE_SIGN_STYLE = Automatic;
				CURRENT_PROJECT_VERSION = 1;
				DEVELOPMENT_TEAM = SF69972TN6;
				GENERATE_INFOPLIST_FILE = YES;
				INFOPLIST_FILE = SpaceLaunchesSpaceX/Info.plist;
				INFOPLIST_KEY_UIApplicationSupportsIndirectInputEvents = YES;
				INFOPLIST_KEY_UILaunchStoryboardName = LaunchScreen;
				INFOPLIST_KEY_UISupportedInterfaceOrientations_iPad = "UIInterfaceOrientationPortrait UIInterfaceOrientationPortraitUpsideDown UIInterfaceOrientationLandscapeLeft UIInterfaceOrientationLandscapeRight";
				INFOPLIST_KEY_UISupportedInterfaceOrientations_iPhone = "UIInterfaceOrientationPortrait UIInterfaceOrientationLandscapeLeft UIInterfaceOrientationLandscapeRight";
				IPHONEOS_DEPLOYMENT_TARGET = 13.0;
				LD_RUNPATH_SEARCH_PATHS = (
					"$(inherited)",
					"@executable_path/Frameworks",
				);
				MARKETING_VERSION = 1.0;
				PRODUCT_BUNDLE_IDENTIFIER = com.SmK.SpaceLaunchesSpaceX;
				PRODUCT_NAME = "$(TARGET_NAME)";
				SWIFT_EMIT_LOC_STRINGS = YES;
				SWIFT_VERSION = 5.0;
				TARGETED_DEVICE_FAMILY = 1;
			};
			name = Debug;
		};
		BB79E01C27E489F800043380 /* Release */ = {
			isa = XCBuildConfiguration;
			baseConfigurationReference = 09B66909AB9EA36443A0905E /* Pods-SpaceLaunchesSpaceX.release.xcconfig */;
			buildSettings = {
				ASSETCATALOG_COMPILER_APPICON_NAME = AppIcon;
				ASSETCATALOG_COMPILER_GLOBAL_ACCENT_COLOR_NAME = AccentColor;
				CODE_SIGN_STYLE = Automatic;
				CURRENT_PROJECT_VERSION = 1;
				DEVELOPMENT_TEAM = SF69972TN6;
				GENERATE_INFOPLIST_FILE = YES;
				INFOPLIST_FILE = SpaceLaunchesSpaceX/Info.plist;
				INFOPLIST_KEY_UIApplicationSupportsIndirectInputEvents = YES;
				INFOPLIST_KEY_UILaunchStoryboardName = LaunchScreen;
				INFOPLIST_KEY_UISupportedInterfaceOrientations_iPad = "UIInterfaceOrientationPortrait UIInterfaceOrientationPortraitUpsideDown UIInterfaceOrientationLandscapeLeft UIInterfaceOrientationLandscapeRight";
				INFOPLIST_KEY_UISupportedInterfaceOrientations_iPhone = "UIInterfaceOrientationPortrait UIInterfaceOrientationLandscapeLeft UIInterfaceOrientationLandscapeRight";
				IPHONEOS_DEPLOYMENT_TARGET = 13.0;
				LD_RUNPATH_SEARCH_PATHS = (
					"$(inherited)",
					"@executable_path/Frameworks",
				);
				MARKETING_VERSION = 1.0;
				PRODUCT_BUNDLE_IDENTIFIER = com.SmK.SpaceLaunchesSpaceX;
				PRODUCT_NAME = "$(TARGET_NAME)";
				SWIFT_EMIT_LOC_STRINGS = YES;
				SWIFT_VERSION = 5.0;
				TARGETED_DEVICE_FAMILY = 1;
			};
			name = Release;
		};
/* End XCBuildConfiguration section */

/* Begin XCConfigurationList section */
		BB79E00127E489F700043380 /* Build configuration list for PBXProject "SpaceLaunchesSpaceX" */ = {
			isa = XCConfigurationList;
			buildConfigurations = (
				BB79E01827E489F800043380 /* Debug */,
				BB79E01927E489F800043380 /* Release */,
			);
			defaultConfigurationIsVisible = 0;
			defaultConfigurationName = Release;
		};
		BB79E01A27E489F800043380 /* Build configuration list for PBXNativeTarget "SpaceLaunchesSpaceX" */ = {
			isa = XCConfigurationList;
			buildConfigurations = (
				BB79E01B27E489F800043380 /* Debug */,
				BB79E01C27E489F800043380 /* Release */,
			);
			defaultConfigurationIsVisible = 0;
			defaultConfigurationName = Release;
		};
/* End XCConfigurationList section */

/* Begin XCVersionGroup section */
		BBB9A6FB289A845300218B89 /* SpaceXDataModel.xcdatamodeld */ = {
			isa = XCVersionGroup;
			children = (
				BBB9A6FC289A845300218B89 /* SpaceXDataModel.xcdatamodel */,
			);
			currentVersion = BBB9A6FC289A845300218B89 /* SpaceXDataModel.xcdatamodel */;
			path = SpaceXDataModel.xcdatamodeld;
			sourceTree = "<group>";
			versionGroupType = wrapper.xcdatamodel;
		};
/* End XCVersionGroup section */
	};
	rootObject = BB79DFFE27E489F700043380 /* Project object */;
}
