// !$*UTF8*$!
{
	archiveVersion = 1;
	classes = {
	};
	objectVersion = 55;
	objects = {

/* Begin PBXBuildFile section */
		AFBAFA3178DE87C0CF0CDAA7 /* Pods_SpaceLaunchesSpaceX.framework in Frameworks */ = {isa = PBXBuildFile; fileRef = 620BC4C9732104A0C99D00D4 /* Pods_SpaceLaunchesSpaceX.framework */; };
		BB29AEC7286C69D000E67CDF /* CustomCollectionViewCell.swift in Sources */ = {isa = PBXBuildFile; fileRef = BB29AEC6286C69D000E67CDF /* CustomCollectionViewCell.swift */; };
		BB29AEC9286CA4E600E67CDF /* RocketInfoView.swift in Sources */ = {isa = PBXBuildFile; fileRef = BB29AEC8286CA4E600E67CDF /* RocketInfoView.swift */; };
		BB29AECB286CA77100E67CDF /* StageView.swift in Sources */ = {isa = PBXBuildFile; fileRef = BB29AECA286CA77100E67CDF /* StageView.swift */; };
		BB70614C28950E0400DABC42 /* NetworkingServiceProtocol.swift in Sources */ = {isa = PBXBuildFile; fileRef = BB70614B28950E0400DABC42 /* NetworkingServiceProtocol.swift */; };
		BB70615228950EAE00DABC42 /* NetworkingService.swift in Sources */ = {isa = PBXBuildFile; fileRef = BB70615128950EAE00DABC42 /* NetworkingService.swift */; };
		BB7061562895101A00DABC42 /* LaunchesPresenterProtocol.swift in Sources */ = {isa = PBXBuildFile; fileRef = BB7061552895101A00DABC42 /* LaunchesPresenterProtocol.swift */; };
		BB70615A2895107200DABC42 /* Launch.swift in Sources */ = {isa = PBXBuildFile; fileRef = BB7061592895107200DABC42 /* Launch.swift */; };
		BB70615C289510B200DABC42 /* Rocket.swift in Sources */ = {isa = PBXBuildFile; fileRef = BB70615B289510B200DABC42 /* Rocket.swift */; };
		BB706161289512AB00DABC42 /* LaunchesViewProtocol.swift in Sources */ = {isa = PBXBuildFile; fileRef = BB706160289512AB00DABC42 /* LaunchesViewProtocol.swift */; };
		BB706163289512E000DABC42 /* RocketsViewProtocol.swift in Sources */ = {isa = PBXBuildFile; fileRef = BB706162289512E000DABC42 /* RocketsViewProtocol.swift */; };
		BB7061652895136700DABC42 /* LaunchesPresenter.swift in Sources */ = {isa = PBXBuildFile; fileRef = BB7061642895136700DABC42 /* LaunchesPresenter.swift */; };
		BB79E00A27E489F700043380 /* AppDelegate.swift in Sources */ = {isa = PBXBuildFile; fileRef = BB79E00927E489F700043380 /* AppDelegate.swift */; };
		BB79E00E27E489F700043380 /* RocketsViewController.swift in Sources */ = {isa = PBXBuildFile; fileRef = BB79E00D27E489F700043380 /* RocketsViewController.swift */; };
		BB79E01327E489F800043380 /* Assets.xcassets in Resources */ = {isa = PBXBuildFile; fileRef = BB79E01227E489F800043380 /* Assets.xcassets */; };
		BB79E01627E489F800043380 /* LaunchScreen.storyboard in Resources */ = {isa = PBXBuildFile; fileRef = BB79E01427E489F800043380 /* LaunchScreen.storyboard */; };
		BB9E190E28955EFD00D2C3E3 /* RocketsPresenterProtocol.swift in Sources */ = {isa = PBXBuildFile; fileRef = BB9E190D28955EFC00D2C3E3 /* RocketsPresenterProtocol.swift */; };
		BB9E191028955FE000D2C3E3 /* RocketsPresenter.swift in Sources */ = {isa = PBXBuildFile; fileRef = BB9E190F28955FE000D2C3E3 /* RocketsPresenter.swift */; };
		BBBA135328704C85000E4FC2 /* LaunchesViewController.swift in Sources */ = {isa = PBXBuildFile; fileRef = BBBA135228704C85000E4FC2 /* LaunchesViewController.swift */; };
		BBBA1356287056A7000E4FC2 /* LaunchesTableViewCell.swift in Sources */ = {isa = PBXBuildFile; fileRef = BBBA1355287056A7000E4FC2 /* LaunchesTableViewCell.swift */; };
/* End PBXBuildFile section */

/* Begin PBXFileReference section */
		09B66909AB9EA36443A0905E /* Pods-SpaceLaunchesSpaceX.release.xcconfig */ = {isa = PBXFileReference; includeInIndex = 1; lastKnownFileType = text.xcconfig; name = "Pods-SpaceLaunchesSpaceX.release.xcconfig"; path = "Target Support Files/Pods-SpaceLaunchesSpaceX/Pods-SpaceLaunchesSpaceX.release.xcconfig"; sourceTree = "<group>"; };
		3ABCA664A09BB84E6ED8E91E /* Pods-SpaceLaunchesSpaceX.debug.xcconfig */ = {isa = PBXFileReference; includeInIndex = 1; lastKnownFileType = text.xcconfig; name = "Pods-SpaceLaunchesSpaceX.debug.xcconfig"; path = "Target Support Files/Pods-SpaceLaunchesSpaceX/Pods-SpaceLaunchesSpaceX.debug.xcconfig"; sourceTree = "<group>"; };
		620BC4C9732104A0C99D00D4 /* Pods_SpaceLaunchesSpaceX.framework */ = {isa = PBXFileReference; explicitFileType = wrapper.framework; includeInIndex = 0; path = Pods_SpaceLaunchesSpaceX.framework; sourceTree = BUILT_PRODUCTS_DIR; };
		BB29AEC6286C69D000E67CDF /* CustomCollectionViewCell.swift */ = {isa = PBXFileReference; lastKnownFileType = sourcecode.swift; path = CustomCollectionViewCell.swift; sourceTree = "<group>"; };
		BB29AEC8286CA4E600E67CDF /* RocketInfoView.swift */ = {isa = PBXFileReference; lastKnownFileType = sourcecode.swift; path = RocketInfoView.swift; sourceTree = "<group>"; };
		BB29AECA286CA77100E67CDF /* StageView.swift */ = {isa = PBXFileReference; lastKnownFileType = sourcecode.swift; path = StageView.swift; sourceTree = "<group>"; };
		BB70614B28950E0400DABC42 /* NetworkingServiceProtocol.swift */ = {isa = PBXFileReference; lastKnownFileType = sourcecode.swift; path = NetworkingServiceProtocol.swift; sourceTree = "<group>"; };
		BB70615128950EAE00DABC42 /* NetworkingService.swift */ = {isa = PBXFileReference; lastKnownFileType = sourcecode.swift; path = NetworkingService.swift; sourceTree = "<group>"; };
		BB7061552895101A00DABC42 /* LaunchesPresenterProtocol.swift */ = {isa = PBXFileReference; lastKnownFileType = sourcecode.swift; path = LaunchesPresenterProtocol.swift; sourceTree = "<group>"; };
		BB7061592895107200DABC42 /* Launch.swift */ = {isa = PBXFileReference; lastKnownFileType = sourcecode.swift; path = Launch.swift; sourceTree = "<group>"; };
		BB70615B289510B200DABC42 /* Rocket.swift */ = {isa = PBXFileReference; lastKnownFileType = sourcecode.swift; path = Rocket.swift; sourceTree = "<group>"; };
		BB706160289512AB00DABC42 /* LaunchesViewProtocol.swift */ = {isa = PBXFileReference; lastKnownFileType = sourcecode.swift; path = LaunchesViewProtocol.swift; sourceTree = "<group>"; };
		BB706162289512E000DABC42 /* RocketsViewProtocol.swift */ = {isa = PBXFileReference; lastKnownFileType = sourcecode.swift; path = RocketsViewProtocol.swift; sourceTree = "<group>"; };
		BB7061642895136700DABC42 /* LaunchesPresenter.swift */ = {isa = PBXFileReference; lastKnownFileType = sourcecode.swift; path = LaunchesPresenter.swift; sourceTree = "<group>"; };
		BB79E00627E489F700043380 /* SpaceLaunchesSpaceX.app */ = {isa = PBXFileReference; explicitFileType = wrapper.application; includeInIndex = 0; path = SpaceLaunchesSpaceX.app; sourceTree = BUILT_PRODUCTS_DIR; };
		BB79E00927E489F700043380 /* AppDelegate.swift */ = {isa = PBXFileReference; lastKnownFileType = sourcecode.swift; path = AppDelegate.swift; sourceTree = "<group>"; };
		BB79E00D27E489F700043380 /* RocketsViewController.swift */ = {isa = PBXFileReference; lastKnownFileType = sourcecode.swift; path = RocketsViewController.swift; sourceTree = "<group>"; };
		BB79E01227E489F800043380 /* Assets.xcassets */ = {isa = PBXFileReference; lastKnownFileType = folder.assetcatalog; path = Assets.xcassets; sourceTree = "<group>"; };
		BB79E01527E489F800043380 /* Base */ = {isa = PBXFileReference; lastKnownFileType = file.storyboard; name = Base; path = Base.lproj/LaunchScreen.storyboard; sourceTree = "<group>"; };
		BB79E01727E489F800043380 /* Info.plist */ = {isa = PBXFileReference; lastKnownFileType = text.plist.xml; path = Info.plist; sourceTree = "<group>"; };
		BB9E190D28955EFC00D2C3E3 /* RocketsPresenterProtocol.swift */ = {isa = PBXFileReference; lastKnownFileType = sourcecode.swift; path = RocketsPresenterProtocol.swift; sourceTree = "<group>"; };
		BB9E190F28955FE000D2C3E3 /* RocketsPresenter.swift */ = {isa = PBXFileReference; lastKnownFileType = sourcecode.swift; path = RocketsPresenter.swift; sourceTree = "<group>"; };
		BBBA135228704C85000E4FC2 /* LaunchesViewController.swift */ = {isa = PBXFileReference; lastKnownFileType = sourcecode.swift; path = LaunchesViewController.swift; sourceTree = "<group>"; };
		BBBA1355287056A7000E4FC2 /* LaunchesTableViewCell.swift */ = {isa = PBXFileReference; lastKnownFileType = sourcecode.swift; path = LaunchesTableViewCell.swift; sourceTree = "<group>"; };
/* End PBXFileReference section */

/* Begin PBXFrameworksBuildPhase section */
		BB79E00327E489F700043380 /* Frameworks */ = {
			isa = PBXFrameworksBuildPhase;
			buildActionMask = 2147483647;
			files = (
				AFBAFA3178DE87C0CF0CDAA7 /* Pods_SpaceLaunchesSpaceX.framework in Frameworks */,
			);
			runOnlyForDeploymentPostprocessing = 0;
		};
/* End PBXFrameworksBuildPhase section */

/* Begin PBXGroup section */
		379057CAB13AD2C36978FF97 /* Pods */ = {
			isa = PBXGroup;
			children = (
				3ABCA664A09BB84E6ED8E91E /* Pods-SpaceLaunchesSpaceX.debug.xcconfig */,
				09B66909AB9EA36443A0905E /* Pods-SpaceLaunchesSpaceX.release.xcconfig */,
			);
			name = Pods;
			path = Pods;
			sourceTree = "<group>";
		};
		BB70615328950FEB00DABC42 /* Presentation */ = {
			isa = PBXGroup;
			children = (
				BB70615428950FFE00DABC42 /* LaunchesPresenter */,
				BB7061572895104000DABC42 /* RocketsPresenter */,
			);
			path = Presentation;
			sourceTree = "<group>";
		};
		BB70615428950FFE00DABC42 /* LaunchesPresenter */ = {
			isa = PBXGroup;
			children = (
				BB7061552895101A00DABC42 /* LaunchesPresenterProtocol.swift */,
				BB7061642895136700DABC42 /* LaunchesPresenter.swift */,
			);
			path = LaunchesPresenter;
			sourceTree = "<group>";
		};
		BB7061572895104000DABC42 /* RocketsPresenter */ = {
			isa = PBXGroup;
			children = (
				BB9E190D28955EFC00D2C3E3 /* RocketsPresenterProtocol.swift */,
				BB9E190F28955FE000D2C3E3 /* RocketsPresenter.swift */,
			);
			path = RocketsPresenter;
			sourceTree = "<group>";
		};
		BB7061582895105F00DABC42 /* Structs */ = {
			isa = PBXGroup;
			children = (
				BB7061592895107200DABC42 /* Launch.swift */,
				BB70615B289510B200DABC42 /* Rocket.swift */,
			);
			path = Structs;
			sourceTree = "<group>";
		};
		BB70615D2895125600DABC42 /* View */ = {
			isa = PBXGroup;
			children = (
				BB70615E2895125F00DABC42 /* LaunchesView */,
				BB70615F2895126A00DABC42 /* RocketsView */,
			);
			path = View;
			sourceTree = "<group>";
		};
		BB70615E2895125F00DABC42 /* LaunchesView */ = {
			isa = PBXGroup;
			children = (
				BBBA135228704C85000E4FC2 /* LaunchesViewController.swift */,
				BB706160289512AB00DABC42 /* LaunchesViewProtocol.swift */,
			);
			path = LaunchesView;
			sourceTree = "<group>";
		};
		BB70615F2895126A00DABC42 /* RocketsView */ = {
			isa = PBXGroup;
			children = (
				BB79E00D27E489F700043380 /* RocketsViewController.swift */,
				BB706162289512E000DABC42 /* RocketsViewProtocol.swift */,
			);
			path = RocketsView;
			sourceTree = "<group>";
		};
		BB79DFFD27E489F700043380 = {
			isa = PBXGroup;
			children = (
				BB79E00827E489F700043380 /* SpaceLaunchesSpaceX */,
				BB79E00727E489F700043380 /* Products */,
				379057CAB13AD2C36978FF97 /* Pods */,
				BD1B17CFB0CBB095EE5881CB /* Frameworks */,
			);
			sourceTree = "<group>";
		};
		BB79E00727E489F700043380 /* Products */ = {
			isa = PBXGroup;
			children = (
				BB79E00627E489F700043380 /* SpaceLaunchesSpaceX.app */,
			);
			name = Products;
			sourceTree = "<group>";
		};
		BB79E00827E489F700043380 /* SpaceLaunchesSpaceX */ = {
			isa = PBXGroup;
			children = (
				BB79E00927E489F700043380 /* AppDelegate.swift */,
				BB70614B28950E0400DABC42 /* NetworkingServiceProtocol.swift */,
				BB70615128950EAE00DABC42 /* NetworkingService.swift */,
				BBBA134F28702A60000E4FC2 /* CustomUI */,
				BB70615328950FEB00DABC42 /* Presentation */,
				BB7061582895105F00DABC42 /* Structs */,
				BB70615D2895125600DABC42 /* View */,
				BB79E01427E489F800043380 /* LaunchScreen.storyboard */,
				BB79E01227E489F800043380 /* Assets.xcassets */,
				BB79E01727E489F800043380 /* Info.plist */,
			);
			path = SpaceLaunchesSpaceX;
			sourceTree = "<group>";
		};
		BBBA134F28702A60000E4FC2 /* CustomUI */ = {
			isa = PBXGroup;
			children = (
				BBBA135428705690000E4FC2 /* TableViewCell */,
				BBBA135028702A7C000E4FC2 /* CollectionCell */,
				BB29AEC8286CA4E600E67CDF /* RocketInfoView.swift */,
				BB29AECA286CA77100E67CDF /* StageView.swift */,
			);
			path = CustomUI;
			sourceTree = "<group>";
		};
		BBBA135028702A7C000E4FC2 /* CollectionCell */ = {
			isa = PBXGroup;
			children = (
				BB29AEC6286C69D000E67CDF /* CustomCollectionViewCell.swift */,
			);
			path = CollectionCell;
			sourceTree = "<group>";
		};
		BBBA135428705690000E4FC2 /* TableViewCell */ = {
			isa = PBXGroup;
			children = (
				BBBA1355287056A7000E4FC2 /* LaunchesTableViewCell.swift */,
			);
			path = TableViewCell;
			sourceTree = "<group>";
		};
		BD1B17CFB0CBB095EE5881CB /* Frameworks */ = {
			isa = PBXGroup;
			children = (
				620BC4C9732104A0C99D00D4 /* Pods_SpaceLaunchesSpaceX.framework */,
			);
			name = Frameworks;
			sourceTree = "<group>";
		};
/* End PBXGroup section */

/* Begin PBXNativeTarget section */
		BB79E00527E489F700043380 /* SpaceLaunchesSpaceX */ = {
			isa = PBXNativeTarget;
			buildConfigurationList = BB79E01A27E489F800043380 /* Build configuration list for PBXNativeTarget "SpaceLaunchesSpaceX" */;
			buildPhases = (
				FF1982B6A06306F3E1557B02 /* [CP] Check Pods Manifest.lock */,
				BB79E00227E489F700043380 /* Sources */,
				BB79E00327E489F700043380 /* Frameworks */,
				BB79E00427E489F700043380 /* Resources */,
				42CD85D3757F786D09D92E93 /* [CP] Embed Pods Frameworks */,
			);
			buildRules = (
			);
			dependencies = (
			);
			name = SpaceLaunchesSpaceX;
			productName = SpaceLaunchesSpaceX;
			productReference = BB79E00627E489F700043380 /* SpaceLaunchesSpaceX.app */;
			productType = "com.apple.product-type.application";
		};
/* End PBXNativeTarget section */

/* Begin PBXProject section */
		BB79DFFE27E489F700043380 /* Project object */ = {
			isa = PBXProject;
			attributes = {
				BuildIndependentTargetsInParallel = 1;
				LastSwiftUpdateCheck = 1330;
				LastUpgradeCheck = 1330;
				TargetAttributes = {
					BB79E00527E489F700043380 = {
						CreatedOnToolsVersion = 13.3;
					};
				};
			};
			buildConfigurationList = BB79E00127E489F700043380 /* Build configuration list for PBXProject "SpaceLaunchesSpaceX" */;
			compatibilityVersion = "Xcode 13.0";
			developmentRegion = en;
			hasScannedForEncodings = 0;
			knownRegions = (
				en,
				Base,
			);
			mainGroup = BB79DFFD27E489F700043380;
			productRefGroup = BB79E00727E489F700043380 /* Products */;
			projectDirPath = "";
			projectRoot = "";
			targets = (
				BB79E00527E489F700043380 /* SpaceLaunchesSpaceX */,
			);
		};
/* End PBXProject section */

/* Begin PBXResourcesBuildPhase section */
		BB79E00427E489F700043380 /* Resources */ = {
			isa = PBXResourcesBuildPhase;
			buildActionMask = 2147483647;
			files = (
				BB79E01627E489F800043380 /* LaunchScreen.storyboard in Resources */,
				BB79E01327E489F800043380 /* Assets.xcassets in Resources */,
			);
			runOnlyForDeploymentPostprocessing = 0;
		};
/* End PBXResourcesBuildPhase section */

/* Begin PBXShellScriptBuildPhase section */
		42CD85D3757F786D09D92E93 /* [CP] Embed Pods Frameworks */ = {
			isa = PBXShellScriptBuildPhase;
			buildActionMask = 2147483647;
			files = (
			);
			inputFileListPaths = (
				"${PODS_ROOT}/Target Support Files/Pods-SpaceLaunchesSpaceX/Pods-SpaceLaunchesSpaceX-frameworks-${CONFIGURATION}-input-files.xcfilelist",
			);
			name = "[CP] Embed Pods Frameworks";
			outputFileListPaths = (
				"${PODS_ROOT}/Target Support Files/Pods-SpaceLaunchesSpaceX/Pods-SpaceLaunchesSpaceX-frameworks-${CONFIGURATION}-output-files.xcfilelist",
			);
			runOnlyForDeploymentPostprocessing = 0;
			shellPath = /bin/sh;
			shellScript = "\"${PODS_ROOT}/Target Support Files/Pods-SpaceLaunchesSpaceX/Pods-SpaceLaunchesSpaceX-frameworks.sh\"\n";
			showEnvVarsInLog = 0;
		};
		FF1982B6A06306F3E1557B02 /* [CP] Check Pods Manifest.lock */ = {
			isa = PBXShellScriptBuildPhase;
			buildActionMask = 2147483647;
			files = (
			);
			inputFileListPaths = (
			);
			inputPaths = (
				"${PODS_PODFILE_DIR_PATH}/Podfile.lock",
				"${PODS_ROOT}/Manifest.lock",
			);
			name = "[CP] Check Pods Manifest.lock";
			outputFileListPaths = (
			);
			outputPaths = (
				"$(DERIVED_FILE_DIR)/Pods-SpaceLaunchesSpaceX-checkManifestLockResult.txt",
			);
			runOnlyForDeploymentPostprocessing = 0;
			shellPath = /bin/sh;
			shellScript = "diff \"${PODS_PODFILE_DIR_PATH}/Podfile.lock\" \"${PODS_ROOT}/Manifest.lock\" > /dev/null\nif [ $? != 0 ] ; then\n    # print error to STDERR\n    echo \"error: The sandbox is not in sync with the Podfile.lock. Run 'pod install' or update your CocoaPods installation.\" >&2\n    exit 1\nfi\n# This output is used by Xcode 'outputs' to avoid re-running this script phase.\necho \"SUCCESS\" > \"${SCRIPT_OUTPUT_FILE_0}\"\n";
			showEnvVarsInLog = 0;
		};
/* End PBXShellScriptBuildPhase section */

/* Begin PBXSourcesBuildPhase section */
		BB79E00227E489F700043380 /* Sources */ = {
			isa = PBXSourcesBuildPhase;
			buildActionMask = 2147483647;
			files = (
				BB79E00E27E489F700043380 /* RocketsViewController.swift in Sources */,
				BB706161289512AB00DABC42 /* LaunchesViewProtocol.swift in Sources */,
				BB7061562895101A00DABC42 /* LaunchesPresenterProtocol.swift in Sources */,
				BB29AECB286CA77100E67CDF /* StageView.swift in Sources */,
				BB70615C289510B200DABC42 /* Rocket.swift in Sources */,
				BB9E191028955FE000D2C3E3 /* RocketsPresenter.swift in Sources */,
				BB7061652895136700DABC42 /* LaunchesPresenter.swift in Sources */,
				BB70615A2895107200DABC42 /* Launch.swift in Sources */,
				BBBA135328704C85000E4FC2 /* LaunchesViewController.swift in Sources */,
				BB70615228950EAE00DABC42 /* NetworkingService.swift in Sources */,
				BB79E00A27E489F700043380 /* AppDelegate.swift in Sources */,
				BBBA1356287056A7000E4FC2 /* LaunchesTableViewCell.swift in Sources */,
				BB70614C28950E0400DABC42 /* NetworkingServiceProtocol.swift in Sources */,
				BB29AEC9286CA4E600E67CDF /* RocketInfoView.swift in Sources */,
				BB706163289512E000DABC42 /* RocketsViewProtocol.swift in Sources */,
				BB9E190E28955EFD00D2C3E3 /* RocketsPresenterProtocol.swift in Sources */,
				BB29AEC7286C69D000E67CDF /* CustomCollectionViewCell.swift in Sources */,
			);
			runOnlyForDeploymentPostprocessing = 0;
		};
/* End PBXSourcesBuildPhase section */

/* Begin PBXVariantGroup section */
		BB79E01427E489F800043380 /* LaunchScreen.storyboard */ = {
			isa = PBXVariantGroup;
			children = (
				BB79E01527E489F800043380 /* Base */,
			);
			name = LaunchScreen.storyboard;
			sourceTree = "<group>";
		};
/* End PBXVariantGroup section */

/* Begin XCBuildConfiguration section */
		BB79E01827E489F800043380 /* Debug */ = {
			isa = XCBuildConfiguration;
			buildSettings = {
				ALWAYS_SEARCH_USER_PATHS = NO;
				CLANG_ANALYZER_NONNULL = YES;
				CLANG_ANALYZER_NUMBER_OBJECT_CONVERSION = YES_AGGRESSIVE;
				CLANG_CXX_LANGUAGE_STANDARD = "gnu++17";
				CLANG_ENABLE_MODULES = YES;
				CLANG_ENABLE_OBJC_ARC = YES;
				CLANG_ENABLE_OBJC_WEAK = YES;
				CLANG_WARN_BLOCK_CAPTURE_AUTORELEASING = YES;
				CLANG_WARN_BOOL_CONVERSION = YES;
				CLANG_WARN_COMMA = YES;
				CLANG_WARN_CONSTANT_CONVERSION = YES;
				CLANG_WARN_DEPRECATED_OBJC_IMPLEMENTATIONS = YES;
				CLANG_WARN_DIRECT_OBJC_ISA_USAGE = YES_ERROR;
				CLANG_WARN_DOCUMENTATION_COMMENTS = YES;
				CLANG_WARN_EMPTY_BODY = YES;
				CLANG_WARN_ENUM_CONVERSION = YES;
				CLANG_WARN_INFINITE_RECURSION = YES;
				CLANG_WARN_INT_CONVERSION = YES;
				CLANG_WARN_NON_LITERAL_NULL_CONVERSION = YES;
				CLANG_WARN_OBJC_IMPLICIT_RETAIN_SELF = YES;
				CLANG_WARN_OBJC_LITERAL_CONVERSION = YES;
				CLANG_WARN_OBJC_ROOT_CLASS = YES_ERROR;
				CLANG_WARN_QUOTED_INCLUDE_IN_FRAMEWORK_HEADER = YES;
				CLANG_WARN_RANGE_LOOP_ANALYSIS = YES;
				CLANG_WARN_STRICT_PROTOTYPES = YES;
				CLANG_WARN_SUSPICIOUS_MOVE = YES;
				CLANG_WARN_UNGUARDED_AVAILABILITY = YES_AGGRESSIVE;
				CLANG_WARN_UNREACHABLE_CODE = YES;
				CLANG_WARN__DUPLICATE_METHOD_MATCH = YES;
				COPY_PHASE_STRIP = NO;
				DEBUG_INFORMATION_FORMAT = dwarf;
				ENABLE_STRICT_OBJC_MSGSEND = YES;
				ENABLE_TESTABILITY = YES;
				GCC_C_LANGUAGE_STANDARD = gnu11;
				GCC_DYNAMIC_NO_PIC = NO;
				GCC_NO_COMMON_BLOCKS = YES;
				GCC_OPTIMIZATION_LEVEL = 0;
				GCC_PREPROCESSOR_DEFINITIONS = (
					"DEBUG=1",
					"$(inherited)",
				);
				GCC_WARN_64_TO_32_BIT_CONVERSION = YES;
				GCC_WARN_ABOUT_RETURN_TYPE = YES_ERROR;
				GCC_WARN_UNDECLARED_SELECTOR = YES;
				GCC_WARN_UNINITIALIZED_AUTOS = YES_AGGRESSIVE;
				GCC_WARN_UNUSED_FUNCTION = YES;
				GCC_WARN_UNUSED_VARIABLE = YES;
				IPHONEOS_DEPLOYMENT_TARGET = 15.4;
				MTL_ENABLE_DEBUG_INFO = INCLUDE_SOURCE;
				MTL_FAST_MATH = YES;
				ONLY_ACTIVE_ARCH = YES;
				SDKROOT = iphoneos;
				SWIFT_ACTIVE_COMPILATION_CONDITIONS = DEBUG;
				SWIFT_OPTIMIZATION_LEVEL = "-Onone";
			};
			name = Debug;
		};
		BB79E01927E489F800043380 /* Release */ = {
			isa = XCBuildConfiguration;
			buildSettings = {
				ALWAYS_SEARCH_USER_PATHS = NO;
				CLANG_ANALYZER_NONNULL = YES;
				CLANG_ANALYZER_NUMBER_OBJECT_CONVERSION = YES_AGGRESSIVE;
				CLANG_CXX_LANGUAGE_STANDARD = "gnu++17";
				CLANG_ENABLE_MODULES = YES;
				CLANG_ENABLE_OBJC_ARC = YES;
				CLANG_ENABLE_OBJC_WEAK = YES;
				CLANG_WARN_BLOCK_CAPTURE_AUTORELEASING = YES;
				CLANG_WARN_BOOL_CONVERSION = YES;
				CLANG_WARN_COMMA = YES;
				CLANG_WARN_CONSTANT_CONVERSION = YES;
				CLANG_WARN_DEPRECATED_OBJC_IMPLEMENTATIONS = YES;
				CLANG_WARN_DIRECT_OBJC_ISA_USAGE = YES_ERROR;
				CLANG_WARN_DOCUMENTATION_COMMENTS = YES;
				CLANG_WARN_EMPTY_BODY = YES;
				CLANG_WARN_ENUM_CONVERSION = YES;
				CLANG_WARN_INFINITE_RECURSION = YES;
				CLANG_WARN_INT_CONVERSION = YES;
				CLANG_WARN_NON_LITERAL_NULL_CONVERSION = YES;
				CLANG_WARN_OBJC_IMPLICIT_RETAIN_SELF = YES;
				CLANG_WARN_OBJC_LITERAL_CONVERSION = YES;
				CLANG_WARN_OBJC_ROOT_CLASS = YES_ERROR;
				CLANG_WARN_QUOTED_INCLUDE_IN_FRAMEWORK_HEADER = YES;
				CLANG_WARN_RANGE_LOOP_ANALYSIS = YES;
				CLANG_WARN_STRICT_PROTOTYPES = YES;
				CLANG_WARN_SUSPICIOUS_MOVE = YES;
				CLANG_WARN_UNGUARDED_AVAILABILITY = YES_AGGRESSIVE;
				CLANG_WARN_UNREACHABLE_CODE = YES;
				CLANG_WARN__DUPLICATE_METHOD_MATCH = YES;
				COPY_PHASE_STRIP = NO;
				DEBUG_INFORMATION_FORMAT = "dwarf-with-dsym";
				ENABLE_NS_ASSERTIONS = NO;
				ENABLE_STRICT_OBJC_MSGSEND = YES;
				GCC_C_LANGUAGE_STANDARD = gnu11;
				GCC_NO_COMMON_BLOCKS = YES;
				GCC_WARN_64_TO_32_BIT_CONVERSION = YES;
				GCC_WARN_ABOUT_RETURN_TYPE = YES_ERROR;
				GCC_WARN_UNDECLARED_SELECTOR = YES;
				GCC_WARN_UNINITIALIZED_AUTOS = YES_AGGRESSIVE;
				GCC_WARN_UNUSED_FUNCTION = YES;
				GCC_WARN_UNUSED_VARIABLE = YES;
				IPHONEOS_DEPLOYMENT_TARGET = 15.4;
				MTL_ENABLE_DEBUG_INFO = NO;
				MTL_FAST_MATH = YES;
				SDKROOT = iphoneos;
				SWIFT_COMPILATION_MODE = wholemodule;
				SWIFT_OPTIMIZATION_LEVEL = "-O";
				VALIDATE_PRODUCT = YES;
			};
			name = Release;
		};
		BB79E01B27E489F800043380 /* Debug */ = {
			isa = XCBuildConfiguration;
			baseConfigurationReference = 3ABCA664A09BB84E6ED8E91E /* Pods-SpaceLaunchesSpaceX.debug.xcconfig */;
			buildSettings = {
				ASSETCATALOG_COMPILER_APPICON_NAME = AppIcon;
				ASSETCATALOG_COMPILER_GLOBAL_ACCENT_COLOR_NAME = AccentColor;
				CODE_SIGN_STYLE = Automatic;
				CURRENT_PROJECT_VERSION = 1;
				DEVELOPMENT_TEAM = SF69972TN6;
				GENERATE_INFOPLIST_FILE = YES;
				INFOPLIST_FILE = SpaceLaunchesSpaceX/Info.plist;
				INFOPLIST_KEY_UIApplicationSupportsIndirectInputEvents = YES;
				INFOPLIST_KEY_UILaunchStoryboardName = LaunchScreen;
				INFOPLIST_KEY_UISupportedInterfaceOrientations_iPad = "UIInterfaceOrientationPortrait UIInterfaceOrientationPortraitUpsideDown UIInterfaceOrientationLandscapeLeft UIInterfaceOrientationLandscapeRight";
				INFOPLIST_KEY_UISupportedInterfaceOrientations_iPhone = "UIInterfaceOrientationPortrait UIInterfaceOrientationLandscapeLeft UIInterfaceOrientationLandscapeRight";
				IPHONEOS_DEPLOYMENT_TARGET = 13.0;
				LD_RUNPATH_SEARCH_PATHS = (
					"$(inherited)",
					"@executable_path/Frameworks",
				);
				MARKETING_VERSION = 1.0;
				PRODUCT_BUNDLE_IDENTIFIER = com.SmK.SpaceLaunchesSpaceX;
				PRODUCT_NAME = "$(TARGET_NAME)";
				SWIFT_EMIT_LOC_STRINGS = YES;
				SWIFT_VERSION = 5.0;
				TARGETED_DEVICE_FAMILY = 1;
			};
			name = Debug;
		};
		BB79E01C27E489F800043380 /* Release */ = {
			isa = XCBuildConfiguration;
			baseConfigurationReference = 09B66909AB9EA36443A0905E /* Pods-SpaceLaunchesSpaceX.release.xcconfig */;
			buildSettings = {
				ASSETCATALOG_COMPILER_APPICON_NAME = AppIcon;
				ASSETCATALOG_COMPILER_GLOBAL_ACCENT_COLOR_NAME = AccentColor;
				CODE_SIGN_STYLE = Automatic;
				CURRENT_PROJECT_VERSION = 1;
				DEVELOPMENT_TEAM = SF69972TN6;
				GENERATE_INFOPLIST_FILE = YES;
				INFOPLIST_FILE = SpaceLaunchesSpaceX/Info.plist;
				INFOPLIST_KEY_UIApplicationSupportsIndirectInputEvents = YES;
				INFOPLIST_KEY_UILaunchStoryboardName = LaunchScreen;
				INFOPLIST_KEY_UISupportedInterfaceOrientations_iPad = "UIInterfaceOrientationPortrait UIInterfaceOrientationPortraitUpsideDown UIInterfaceOrientationLandscapeLeft UIInterfaceOrientationLandscapeRight";
				INFOPLIST_KEY_UISupportedInterfaceOrientations_iPhone = "UIInterfaceOrientationPortrait UIInterfaceOrientationLandscapeLeft UIInterfaceOrientationLandscapeRight";
				IPHONEOS_DEPLOYMENT_TARGET = 13.0;
				LD_RUNPATH_SEARCH_PATHS = (
					"$(inherited)",
					"@executable_path/Frameworks",
				);
				MARKETING_VERSION = 1.0;
				PRODUCT_BUNDLE_IDENTIFIER = com.SmK.SpaceLaunchesSpaceX;
				PRODUCT_NAME = "$(TARGET_NAME)";
				SWIFT_EMIT_LOC_STRINGS = YES;
				SWIFT_VERSION = 5.0;
				TARGETED_DEVICE_FAMILY = 1;
			};
			name = Release;
		};
/* End XCBuildConfiguration section */

/* Begin XCConfigurationList section */
		BB79E00127E489F700043380 /* Build configuration list for PBXProject "SpaceLaunchesSpaceX" */ = {
			isa = XCConfigurationList;
			buildConfigurations = (
				BB79E01827E489F800043380 /* Debug */,
				BB79E01927E489F800043380 /* Release */,
			);
			defaultConfigurationIsVisible = 0;
			defaultConfigurationName = Release;
		};
		BB79E01A27E489F800043380 /* Build configuration list for PBXNativeTarget "SpaceLaunchesSpaceX" */ = {
			isa = XCConfigurationList;
			buildConfigurations = (
				BB79E01B27E489F800043380 /* Debug */,
				BB79E01C27E489F800043380 /* Release */,
			);
			defaultConfigurationIsVisible = 0;
			defaultConfigurationName = Release;
		};
/* End XCConfigurationList section */
	};
	rootObject = BB79DFFE27E489F700043380 /* Project object */;
}
